// !$*UTF8*$!
{
	archiveVersion = 1;
	classes = {
	};
	objectVersion = 50;
	objects = {

/* Begin PBXBuildFile section */
		5C097F722521BB460089A500 /* CardFlipSwiftUIApp.swift in Sources */ = {isa = PBXBuildFile; fileRef = 5C097F712521BB460089A500 /* CardFlipSwiftUIApp.swift */; };
		5C097F742521BB460089A500 /* ContentView.swift in Sources */ = {isa = PBXBuildFile; fileRef = 5C097F732521BB460089A500 /* ContentView.swift */; };
		5C097F762521BB460089A500 /* Assets.xcassets in Resources */ = {isa = PBXBuildFile; fileRef = 5C097F752521BB460089A500 /* Assets.xcassets */; };
		5C097F792521BB460089A500 /* Preview Assets.xcassets in Resources */ = {isa = PBXBuildFile; fileRef = 5C097F782521BB460089A500 /* Preview Assets.xcassets */; };
		5C097F842521BB470089A500 /* CardFlipSwiftUITests.swift in Sources */ = {isa = PBXBuildFile; fileRef = 5C097F832521BB470089A500 /* CardFlipSwiftUITests.swift */; };
		5C097F8F2521BB470089A500 /* CardFlipSwiftUIUITests.swift in Sources */ = {isa = PBXBuildFile; fileRef = 5C097F8E2521BB470089A500 /* CardFlipSwiftUIUITests.swift */; };
/* End PBXBuildFile section */

/* Begin PBXContainerItemProxy section */
		5C097F802521BB470089A500 /* PBXContainerItemProxy */ = {
			isa = PBXContainerItemProxy;
			containerPortal = 5C097F662521BB460089A500 /* Project object */;
			proxyType = 1;
			remoteGlobalIDString = 5C097F6D2521BB460089A500;
			remoteInfo = CardFlipSwiftUI;
		};
		5C097F8B2521BB470089A500 /* PBXContainerItemProxy */ = {
			isa = PBXContainerItemProxy;
			containerPortal = 5C097F662521BB460089A500 /* Project object */;
			proxyType = 1;
			remoteGlobalIDString = 5C097F6D2521BB460089A500;
			remoteInfo = CardFlipSwiftUI;
		};
/* End PBXContainerItemProxy section */

/* Begin PBXFileReference section */
		5C097F6E2521BB460089A500 /* CardFlipSwiftUI.app */ = {isa = PBXFileReference; explicitFileType = wrapper.application; includeInIndex = 0; path = CardFlipSwiftUI.app; sourceTree = BUILT_PRODUCTS_DIR; };
		5C097F712521BB460089A500 /* CardFlipSwiftUIApp.swift */ = {isa = PBXFileReference; lastKnownFileType = sourcecode.swift; path = CardFlipSwiftUIApp.swift; sourceTree = "<group>"; };
		5C097F732521BB460089A500 /* ContentView.swift */ = {isa = PBXFileReference; lastKnownFileType = sourcecode.swift; path = ContentView.swift; sourceTree = "<group>"; };
		5C097F752521BB460089A500 /* Assets.xcassets */ = {isa = PBXFileReference; lastKnownFileType = folder.assetcatalog; path = Assets.xcassets; sourceTree = "<group>"; };
		5C097F782521BB460089A500 /* Preview Assets.xcassets */ = {isa = PBXFileReference; lastKnownFileType = folder.assetcatalog; path = "Preview Assets.xcassets"; sourceTree = "<group>"; };
		5C097F7A2521BB460089A500 /* Info.plist */ = {isa = PBXFileReference; lastKnownFileType = text.plist.xml; path = Info.plist; sourceTree = "<group>"; };
		5C097F7F2521BB470089A500 /* CardFlipSwiftUITests.xctest */ = {isa = PBXFileReference; explicitFileType = wrapper.cfbundle; includeInIndex = 0; path = CardFlipSwiftUITests.xctest; sourceTree = BUILT_PRODUCTS_DIR; };
		5C097F832521BB470089A500 /* CardFlipSwiftUITests.swift */ = {isa = PBXFileReference; lastKnownFileType = sourcecode.swift; path = CardFlipSwiftUITests.swift; sourceTree = "<group>"; };
		5C097F852521BB470089A500 /* Info.plist */ = {isa = PBXFileReference; lastKnownFileType = text.plist.xml; path = Info.plist; sourceTree = "<group>"; };
		5C097F8A2521BB470089A500 /* CardFlipSwiftUIUITests.xctest */ = {isa = PBXFileReference; explicitFileType = wrapper.cfbundle; includeInIndex = 0; path = CardFlipSwiftUIUITests.xctest; sourceTree = BUILT_PRODUCTS_DIR; };
		5C097F8E2521BB470089A500 /* CardFlipSwiftUIUITests.swift */ = {isa = PBXFileReference; lastKnownFileType = sourcecode.swift; path = CardFlipSwiftUIUITests.swift; sourceTree = "<group>"; };
		5C097F902521BB470089A500 /* Info.plist */ = {isa = PBXFileReference; lastKnownFileType = text.plist.xml; path = Info.plist; sourceTree = "<group>"; };
/* End PBXFileReference section */

/* Begin PBXFrameworksBuildPhase section */
		5C097F6B2521BB460089A500 /* Frameworks */ = {
			isa = PBXFrameworksBuildPhase;
			buildActionMask = 2147483647;
			files = (
			);
			runOnlyForDeploymentPostprocessing = 0;
		};
		5C097F7C2521BB470089A500 /* Frameworks */ = {
			isa = PBXFrameworksBuildPhase;
			buildActionMask = 2147483647;
			files = (
			);
			runOnlyForDeploymentPostprocessing = 0;
		};
		5C097F872521BB470089A500 /* Frameworks */ = {
			isa = PBXFrameworksBuildPhase;
			buildActionMask = 2147483647;
			files = (
			);
			runOnlyForDeploymentPostprocessing = 0;
		};
/* End PBXFrameworksBuildPhase section */

/* Begin PBXGroup section */
		5C097F652521BB460089A500 = {
			isa = PBXGroup;
			children = (
				5C097F702521BB460089A500 /* CardFlipSwiftUI */,
				5C097F822521BB470089A500 /* CardFlipSwiftUITests */,
				5C097F8D2521BB470089A500 /* CardFlipSwiftUIUITests */,
				5C097F6F2521BB460089A500 /* Products */,
			);
			sourceTree = "<group>";
		};
		5C097F6F2521BB460089A500 /* Products */ = {
			isa = PBXGroup;
			children = (
				5C097F6E2521BB460089A500 /* CardFlipSwiftUI.app */,
				5C097F7F2521BB470089A500 /* CardFlipSwiftUITests.xctest */,
				5C097F8A2521BB470089A500 /* CardFlipSwiftUIUITests.xctest */,
			);
			name = Products;
			sourceTree = "<group>";
		};
		5C097F702521BB460089A500 /* CardFlipSwiftUI */ = {
			isa = PBXGroup;
			children = (
				5C097F712521BB460089A500 /* CardFlipSwiftUIApp.swift */,
				5C097F732521BB460089A500 /* ContentView.swift */,
				5C097F752521BB460089A500 /* Assets.xcassets */,
				5C097F7A2521BB460089A500 /* Info.plist */,
				5C097F772521BB460089A500 /* Preview Content */,
			);
			path = CardFlipSwiftUI;
			sourceTree = "<group>";
		};
		5C097F772521BB460089A500 /* Preview Content */ = {
			isa = PBXGroup;
			children = (
				5C097F782521BB460089A500 /* Preview Assets.xcassets */,
			);
			path = "Preview Content";
			sourceTree = "<group>";
		};
		5C097F822521BB470089A500 /* CardFlipSwiftUITests */ = {
			isa = PBXGroup;
			children = (
				5C097F832521BB470089A500 /* CardFlipSwiftUITests.swift */,
				5C097F852521BB470089A500 /* Info.plist */,
			);
			path = CardFlipSwiftUITests;
			sourceTree = "<group>";
		};
		5C097F8D2521BB470089A500 /* CardFlipSwiftUIUITests */ = {
			isa = PBXGroup;
			children = (
				5C097F8E2521BB470089A500 /* CardFlipSwiftUIUITests.swift */,
				5C097F902521BB470089A500 /* Info.plist */,
			);
			path = CardFlipSwiftUIUITests;
			sourceTree = "<group>";
		};
/* End PBXGroup section */

/* Begin PBXNativeTarget section */
		5C097F6D2521BB460089A500 /* CardFlipSwiftUI */ = {
			isa = PBXNativeTarget;
			buildConfigurationList = 5C097F932521BB470089A500 /* Build configuration list for PBXNativeTarget "CardFlipSwiftUI" */;
			buildPhases = (
				5C097F6A2521BB460089A500 /* Sources */,
				5C097F6B2521BB460089A500 /* Frameworks */,
				5C097F6C2521BB460089A500 /* Resources */,
			);
			buildRules = (
			);
			dependencies = (
			);
			name = CardFlipSwiftUI;
			productName = CardFlipSwiftUI;
			productReference = 5C097F6E2521BB460089A500 /* CardFlipSwiftUI.app */;
			productType = "com.apple.product-type.application";
		};
		5C097F7E2521BB470089A500 /* CardFlipSwiftUITests */ = {
			isa = PBXNativeTarget;
			buildConfigurationList = 5C097F962521BB470089A500 /* Build configuration list for PBXNativeTarget "CardFlipSwiftUITests" */;
			buildPhases = (
				5C097F7B2521BB470089A500 /* Sources */,
				5C097F7C2521BB470089A500 /* Frameworks */,
				5C097F7D2521BB470089A500 /* Resources */,
			);
			buildRules = (
			);
			dependencies = (
				5C097F812521BB470089A500 /* PBXTargetDependency */,
			);
			name = CardFlipSwiftUITests;
			productName = CardFlipSwiftUITests;
			productReference = 5C097F7F2521BB470089A500 /* CardFlipSwiftUITests.xctest */;
			productType = "com.apple.product-type.bundle.unit-test";
		};
		5C097F892521BB470089A500 /* CardFlipSwiftUIUITests */ = {
			isa = PBXNativeTarget;
			buildConfigurationList = 5C097F992521BB470089A500 /* Build configuration list for PBXNativeTarget "CardFlipSwiftUIUITests" */;
			buildPhases = (
				5C097F862521BB470089A500 /* Sources */,
				5C097F872521BB470089A500 /* Frameworks */,
				5C097F882521BB470089A500 /* Resources */,
			);
			buildRules = (
			);
			dependencies = (
				5C097F8C2521BB470089A500 /* PBXTargetDependency */,
			);
			name = CardFlipSwiftUIUITests;
			productName = CardFlipSwiftUIUITests;
			productReference = 5C097F8A2521BB470089A500 /* CardFlipSwiftUIUITests.xctest */;
			productType = "com.apple.product-type.bundle.ui-testing";
		};
/* End PBXNativeTarget section */

/* Begin PBXProject section */
		5C097F662521BB460089A500 /* Project object */ = {
			isa = PBXProject;
			attributes = {
				LastSwiftUpdateCheck = 1200;
				LastUpgradeCheck = 1200;
				TargetAttributes = {
					5C097F6D2521BB460089A500 = {
						CreatedOnToolsVersion = 12.0.1;
					};
					5C097F7E2521BB470089A500 = {
						CreatedOnToolsVersion = 12.0.1;
						TestTargetID = 5C097F6D2521BB460089A500;
					};
					5C097F892521BB470089A500 = {
						CreatedOnToolsVersion = 12.0.1;
						TestTargetID = 5C097F6D2521BB460089A500;
					};
				};
			};
			buildConfigurationList = 5C097F692521BB460089A500 /* Build configuration list for PBXProject "CardFlipSwiftUI" */;
			compatibilityVersion = "Xcode 9.3";
			developmentRegion = en;
			hasScannedForEncodings = 0;
			knownRegions = (
				en,
				Base,
			);
			mainGroup = 5C097F652521BB460089A500;
			productRefGroup = 5C097F6F2521BB460089A500 /* Products */;
			projectDirPath = "";
			projectRoot = "";
			targets = (
				5C097F6D2521BB460089A500 /* CardFlipSwiftUI */,
				5C097F7E2521BB470089A500 /* CardFlipSwiftUITests */,
				5C097F892521BB470089A500 /* CardFlipSwiftUIUITests */,
			);
		};
/* End PBXProject section */

/* Begin PBXResourcesBuildPhase section */
		5C097F6C2521BB460089A500 /* Resources */ = {
			isa = PBXResourcesBuildPhase;
			buildActionMask = 2147483647;
			files = (
				5C097F792521BB460089A500 /* Preview Assets.xcassets in Resources */,
				5C097F762521BB460089A500 /* Assets.xcassets in Resources */,
			);
			runOnlyForDeploymentPostprocessing = 0;
		};
		5C097F7D2521BB470089A500 /* Resources */ = {
			isa = PBXResourcesBuildPhase;
			buildActionMask = 2147483647;
			files = (
			);
			runOnlyForDeploymentPostprocessing = 0;
		};
		5C097F882521BB470089A500 /* Resources */ = {
			isa = PBXResourcesBuildPhase;
			buildActionMask = 2147483647;
			files = (
			);
			runOnlyForDeploymentPostprocessing = 0;
		};
/* End PBXResourcesBuildPhase section */

/* Begin PBXSourcesBuildPhase section */
		5C097F6A2521BB460089A500 /* Sources */ = {
			isa = PBXSourcesBuildPhase;
			buildActionMask = 2147483647;
			files = (
				5C097F742521BB460089A500 /* ContentView.swift in Sources */,
				5C097F722521BB460089A500 /* CardFlipSwiftUIApp.swift in Sources */,
			);
			runOnlyForDeploymentPostprocessing = 0;
		};
		5C097F7B2521BB470089A500 /* Sources */ = {
			isa = PBXSourcesBuildPhase;
			buildActionMask = 2147483647;
			files = (
				5C097F842521BB470089A500 /* CardFlipSwiftUITests.swift in Sources */,
			);
			runOnlyForDeploymentPostprocessing = 0;
		};
		5C097F862521BB470089A500 /* Sources */ = {
			isa = PBXSourcesBuildPhase;
			buildActionMask = 2147483647;
			files = (
				5C097F8F2521BB470089A500 /* CardFlipSwiftUIUITests.swift in Sources */,
			);
			runOnlyForDeploymentPostprocessing = 0;
		};
/* End PBXSourcesBuildPhase section */

/* Begin PBXTargetDependency section */
		5C097F812521BB470089A500 /* PBXTargetDependency */ = {
			isa = PBXTargetDependency;
			target = 5C097F6D2521BB460089A500 /* CardFlipSwiftUI */;
			targetProxy = 5C097F802521BB470089A500 /* PBXContainerItemProxy */;
		};
		5C097F8C2521BB470089A500 /* PBXTargetDependency */ = {
			isa = PBXTargetDependency;
			target = 5C097F6D2521BB460089A500 /* CardFlipSwiftUI */;
			targetProxy = 5C097F8B2521BB470089A500 /* PBXContainerItemProxy */;
		};
/* End PBXTargetDependency section */

/* Begin XCBuildConfiguration section */
		5C097F912521BB470089A500 /* Debug */ = {
			isa = XCBuildConfiguration;
			buildSettings = {
				ALWAYS_SEARCH_USER_PATHS = NO;
				CLANG_ANALYZER_NONNULL = YES;
				CLANG_ANALYZER_NUMBER_OBJECT_CONVERSION = YES_AGGRESSIVE;
				CLANG_CXX_LANGUAGE_STANDARD = "gnu++14";
				CLANG_CXX_LIBRARY = "libc++";
				CLANG_ENABLE_MODULES = YES;
				CLANG_ENABLE_OBJC_ARC = YES;
				CLANG_ENABLE_OBJC_WEAK = YES;
				CLANG_WARN_BLOCK_CAPTURE_AUTORELEASING = YES;
				CLANG_WARN_BOOL_CONVERSION = YES;
				CLANG_WARN_COMMA = YES;
				CLANG_WARN_CONSTANT_CONVERSION = YES;
				CLANG_WARN_DEPRECATED_OBJC_IMPLEMENTATIONS = YES;
				CLANG_WARN_DIRECT_OBJC_ISA_USAGE = YES_ERROR;
				CLANG_WARN_DOCUMENTATION_COMMENTS = YES;
				CLANG_WARN_EMPTY_BODY = YES;
				CLANG_WARN_ENUM_CONVERSION = YES;
				CLANG_WARN_INFINITE_RECURSION = YES;
				CLANG_WARN_INT_CONVERSION = YES;
				CLANG_WARN_NON_LITERAL_NULL_CONVERSION = YES;
				CLANG_WARN_OBJC_IMPLICIT_RETAIN_SELF = YES;
				CLANG_WARN_OBJC_LITERAL_CONVERSION = YES;
				CLANG_WARN_OBJC_ROOT_CLASS = YES_ERROR;
				CLANG_WARN_QUOTED_INCLUDE_IN_FRAMEWORK_HEADER = YES;
				CLANG_WARN_RANGE_LOOP_ANALYSIS = YES;
				CLANG_WARN_STRICT_PROTOTYPES = YES;
				CLANG_WARN_SUSPICIOUS_MOVE = YES;
				CLANG_WARN_UNGUARDED_AVAILABILITY = YES_AGGRESSIVE;
				CLANG_WARN_UNREACHABLE_CODE = YES;
				CLANG_WARN__DUPLICATE_METHOD_MATCH = YES;
				COPY_PHASE_STRIP = NO;
				DEBUG_INFORMATION_FORMAT = dwarf;
				ENABLE_STRICT_OBJC_MSGSEND = YES;
				ENABLE_TESTABILITY = YES;
				GCC_C_LANGUAGE_STANDARD = gnu11;
				GCC_DYNAMIC_NO_PIC = NO;
				GCC_NO_COMMON_BLOCKS = YES;
				GCC_OPTIMIZATION_LEVEL = 0;
				GCC_PREPROCESSOR_DEFINITIONS = (
					"DEBUG=1",
					"$(inherited)",
				);
				GCC_WARN_64_TO_32_BIT_CONVERSION = YES;
				GCC_WARN_ABOUT_RETURN_TYPE = YES_ERROR;
				GCC_WARN_UNDECLARED_SELECTOR = YES;
				GCC_WARN_UNINITIALIZED_AUTOS = YES_AGGRESSIVE;
				GCC_WARN_UNUSED_FUNCTION = YES;
				GCC_WARN_UNUSED_VARIABLE = YES;
				IPHONEOS_DEPLOYMENT_TARGET = 14.0;
				MTL_ENABLE_DEBUG_INFO = INCLUDE_SOURCE;
				MTL_FAST_MATH = YES;
				ONLY_ACTIVE_ARCH = YES;
				SDKROOT = iphoneos;
				SWIFT_ACTIVE_COMPILATION_CONDITIONS = DEBUG;
				SWIFT_OPTIMIZATION_LEVEL = "-Onone";
			};
			name = Debug;
		};
		5C097F922521BB470089A500 /* Release */ = {
			isa = XCBuildConfiguration;
			buildSettings = {
				ALWAYS_SEARCH_USER_PATHS = NO;
				CLANG_ANALYZER_NONNULL = YES;
				CLANG_ANALYZER_NUMBER_OBJECT_CONVERSION = YES_AGGRESSIVE;
				CLANG_CXX_LANGUAGE_STANDARD = "gnu++14";
				CLANG_CXX_LIBRARY = "libc++";
				CLANG_ENABLE_MODULES = YES;
				CLANG_ENABLE_OBJC_ARC = YES;
				CLANG_ENABLE_OBJC_WEAK = YES;
				CLANG_WARN_BLOCK_CAPTURE_AUTORELEASING = YES;
				CLANG_WARN_BOOL_CONVERSION = YES;
				CLANG_WARN_COMMA = YES;
				CLANG_WARN_CONSTANT_CONVERSION = YES;
				CLANG_WARN_DEPRECATED_OBJC_IMPLEMENTATIONS = YES;
				CLANG_WARN_DIRECT_OBJC_ISA_USAGE = YES_ERROR;
				CLANG_WARN_DOCUMENTATION_COMMENTS = YES;
				CLANG_WARN_EMPTY_BODY = YES;
				CLANG_WARN_ENUM_CONVERSION = YES;
				CLANG_WARN_INFINITE_RECURSION = YES;
				CLANG_WARN_INT_CONVERSION = YES;
				CLANG_WARN_NON_LITERAL_NULL_CONVERSION = YES;
				CLANG_WARN_OBJC_IMPLICIT_RETAIN_SELF = YES;
				CLANG_WARN_OBJC_LITERAL_CONVERSION = YES;
				CLANG_WARN_OBJC_ROOT_CLASS = YES_ERROR;
				CLANG_WARN_QUOTED_INCLUDE_IN_FRAMEWORK_HEADER = YES;
				CLANG_WARN_RANGE_LOOP_ANALYSIS = YES;
				CLANG_WARN_STRICT_PROTOTYPES = YES;
				CLANG_WARN_SUSPICIOUS_MOVE = YES;
				CLANG_WARN_UNGUARDED_AVAILABILITY = YES_AGGRESSIVE;
				CLANG_WARN_UNREACHABLE_CODE = YES;
				CLANG_WARN__DUPLICATE_METHOD_MATCH = YES;
				COPY_PHASE_STRIP = NO;
				DEBUG_INFORMATION_FORMAT = "dwarf-with-dsym";
				ENABLE_NS_ASSERTIONS = NO;
				ENABLE_STRICT_OBJC_MSGSEND = YES;
				GCC_C_LANGUAGE_STANDARD = gnu11;
				GCC_NO_COMMON_BLOCKS = YES;
				GCC_WARN_64_TO_32_BIT_CONVERSION = YES;
				GCC_WARN_ABOUT_RETURN_TYPE = YES_ERROR;
				GCC_WARN_UNDECLARED_SELECTOR = YES;
				GCC_WARN_UNINITIALIZED_AUTOS = YES_AGGRESSIVE;
				GCC_WARN_UNUSED_FUNCTION = YES;
				GCC_WARN_UNUSED_VARIABLE = YES;
				IPHONEOS_DEPLOYMENT_TARGET = 14.0;
				MTL_ENABLE_DEBUG_INFO = NO;
				MTL_FAST_MATH = YES;
				SDKROOT = iphoneos;
				SWIFT_COMPILATION_MODE = wholemodule;
				SWIFT_OPTIMIZATION_LEVEL = "-O";
				VALIDATE_PRODUCT = YES;
			};
			name = Release;
		};
		5C097F942521BB470089A500 /* Debug */ = {
			isa = XCBuildConfiguration;
			buildSettings = {
				ASSETCATALOG_COMPILER_APPICON_NAME = AppIcon;
				ASSETCATALOG_COMPILER_GLOBAL_ACCENT_COLOR_NAME = AccentColor;
				CODE_SIGN_STYLE = Automatic;
				DEVELOPMENT_ASSET_PATHS = "\"CardFlipSwiftUI/Preview Content\"";
				ENABLE_PREVIEWS = YES;
				INFOPLIST_FILE = CardFlipSwiftUI/Info.plist;
				IPHONEOS_DEPLOYMENT_TARGET = 14.0;
				LD_RUNPATH_SEARCH_PATHS = (
					"$(inherited)",
					"@executable_path/Frameworks",
				);
				PRODUCT_BUNDLE_IDENTIFIER = com.shreyasvilaschandrabhike.CardFlipSwiftUI;
				PRODUCT_NAME = "$(TARGET_NAME)";
				SWIFT_VERSION = 5.0;
				TARGETED_DEVICE_FAMILY = "1,2";
			};
			name = Debug;
		};
		5C097F952521BB470089A500 /* Release */ = {
			isa = XCBuildConfiguration;
			buildSettings = {
				ASSETCATALOG_COMPILER_APPICON_NAME = AppIcon;
				ASSETCATALOG_COMPILER_GLOBAL_ACCENT_COLOR_NAME = AccentColor;
				CODE_SIGN_STYLE = Automatic;
				DEVELOPMENT_ASSET_PATHS = "\"CardFlipSwiftUI/Preview Content\"";
				ENABLE_PREVIEWS = YES;
				INFOPLIST_FILE = CardFlipSwiftUI/Info.plist;
				IPHONEOS_DEPLOYMENT_TARGET = 14.0;
				LD_RUNPATH_SEARCH_PATHS = (
					"$(inherited)",
					"@executable_path/Frameworks",
				);
				PRODUCT_BUNDLE_IDENTIFIER = com.shreyasvilaschandrabhike.CardFlipSwiftUI;
				PRODUCT_NAME = "$(TARGET_NAME)";
				SWIFT_VERSION = 5.0;
				TARGETED_DEVICE_FAMILY = "1,2";
			};
			name = Release;
		};
		5C097F972521BB470089A500 /* Debug */ = {
			isa = XCBuildConfiguration;
			buildSettings = {
				ALWAYS_EMBED_SWIFT_STANDARD_LIBRARIES = YES;
				BUNDLE_LOADER = "$(TEST_HOST)";
				CODE_SIGN_STYLE = Automatic;
				INFOPLIST_FILE = CardFlipSwiftUITests/Info.plist;
				IPHONEOS_DEPLOYMENT_TARGET = 14.0;
				LD_RUNPATH_SEARCH_PATHS = (
					"$(inherited)",
					"@executable_path/Frameworks",
					"@loader_path/Frameworks",
				);
				PRODUCT_BUNDLE_IDENTIFIER = com.shreyasvilaschandrabhike.CardFlipSwiftUITests;
				PRODUCT_NAME = "$(TARGET_NAME)";
				SWIFT_VERSION = 5.0;
				TARGETED_DEVICE_FAMILY = "1,2";
				TEST_HOST = "$(BUILT_PRODUCTS_DIR)/CardFlipSwiftUI.app/CardFlipSwiftUI";
			};
			name = Debug;
		};
		5C097F982521BB470089A500 /* Release */ = {
			isa = XCBuildConfiguration;
			buildSettings = {
				ALWAYS_EMBED_SWIFT_STANDARD_LIBRARIES = YES;
				BUNDLE_LOADER = "$(TEST_HOST)";
				CODE_SIGN_STYLE = Automatic;
				INFOPLIST_FILE = CardFlipSwiftUITests/Info.plist;
				IPHONEOS_DEPLOYMENT_TARGET = 14.0;
				LD_RUNPATH_SEARCH_PATHS = (
					"$(inherited)",
					"@executable_path/Frameworks",
					"@loader_path/Frameworks",
				);
				PRODUCT_BUNDLE_IDENTIFIER = com.shreyasvilaschandrabhike.CardFlipSwiftUITests;
				PRODUCT_NAME = "$(TARGET_NAME)";
				SWIFT_VERSION = 5.0;
				TARGETED_DEVICE_FAMILY = "1,2";
				TEST_HOST = "$(BUILT_PRODUCTS_DIR)/CardFlipSwiftUI.app/CardFlipSwiftUI";
			};
			name = Release;
		};
		5C097F9A2521BB470089A500 /* Debug */ = {
			isa = XCBuildConfiguration;
			buildSettings = {
				ALWAYS_EMBED_SWIFT_STANDARD_LIBRARIES = YES;
				CODE_SIGN_STYLE = Automatic;
				INFOPLIST_FILE = CardFlipSwiftUIUITests/Info.plist;
				LD_RUNPATH_SEARCH_PATHS = (
					"$(inherited)",
					"@executable_path/Frameworks",
					"@loader_path/Frameworks",
				);
				PRODUCT_BUNDLE_IDENTIFIER = com.shreyasvilaschandrabhike.CardFlipSwiftUIUITests;
				PRODUCT_NAME = "$(TARGET_NAME)";
				SWIFT_VERSION = 5.0;
				TARGETED_DEVICE_FAMILY = "1,2";
				TEST_TARGET_NAME = CardFlipSwiftUI;
			};
			name = Debug;
		};
		5C097F9B2521BB470089A500 /* Release */ = {
			isa = XCBuildConfiguration;
			buildSettings = {
				ALWAYS_EMBED_SWIFT_STANDARD_LIBRARIES = YES;
				CODE_SIGN_STYLE = Automatic;
				INFOPLIST_FILE = CardFlipSwiftUIUITests/Info.plist;
				LD_RUNPATH_SEARCH_PATHS = (
					"$(inherited)",
					"@executable_path/Frameworks",
					"@loader_path/Frameworks",
				);
				PRODUCT_BUNDLE_IDENTIFIER = com.shreyasvilaschandrabhike.CardFlipSwiftUIUITests;
				PRODUCT_NAME = "$(TARGET_NAME)";
				SWIFT_VERSION = 5.0;
				TARGETED_DEVICE_FAMILY = "1,2";
				TEST_TARGET_NAME = CardFlipSwiftUI;
			};
			name = Release;
		};
/* End XCBuildConfiguration section */

/* Begin XCConfigurationList section */
		5C097F692521BB460089A500 /* Build configuration list for PBXProject "CardFlipSwiftUI" */ = {
			isa = XCConfigurationList;
			buildConfigurations = (
				5C097F912521BB470089A500 /* Debug */,
				5C097F922521BB470089A500 /* Release */,
			);
			defaultConfigurationIsVisible = 0;
			defaultConfigurationName = Release;
		};
		5C097F932521BB470089A500 /* Build configuration list for PBXNativeTarget "CardFlipSwiftUI" */ = {
			isa = XCConfigurationList;
			buildConfigurations = (
				5C097F942521BB470089A500 /* Debug */,
				5C097F952521BB470089A500 /* Release */,
			);
			defaultConfigurationIsVisible = 0;
			defaultConfigurationName = Release;
		};
		5C097F962521BB470089A500 /* Build configuration list for PBXNativeTarget "CardFlipSwiftUITests" */ = {
			isa = XCConfigurationList;
			buildConfigurations = (
				5C097F972521BB470089A500 /* Debug */,
				5C097F982521BB470089A500 /* Release */,
			);
			defaultConfigurationIsVisible = 0;
			defaultConfigurationName = Release;
		};
		5C097F992521BB470089A500 /* Build configuration list for PBXNativeTarget "CardFlipSwiftUIUITests" */ = {
			isa = XCConfigurationList;
			buildConfigurations = (
				5C097F9A2521BB470089A500 /* Debug */,
				5C097F9B2521BB470089A500 /* Release */,
			);
			defaultConfigurationIsVisible = 0;
			defaultConfigurationName = Release;
		};
/* End XCConfigurationList section */
	};
	rootObject = 5C097F662521BB460089A500 /* Project object */;
}
